
Microsoft Visual Studio Solution File, Format Version 12.00
# Visual Studio Version 17
VisualStudioVersion = 17.0.31903.59
MinimumVisualStudioVersion = 10.0.40219.1
Project("{FAE04EC0-301F-11D3-BF4B-00C04F79EFBC}") = "task11", "task11\task11.csproj", "{B906DBE5-DB4B-4BC5-A650-49FF8360A37F}"
EndProject
Project("{FAE04EC0-301F-11D3-BF4B-00C04F79EFBC}") = "task11tests", "task11tests\task11tests.csproj", "{46AD4C81-0144-40A3-9AF8-DC8E370D144B}"
EndProject
Global
	GlobalSection(SolutionConfigurationPlatforms) = preSolution
		Debug|Any CPU = Debug|Any CPU
		Release|Any CPU = Release|Any CPU
	EndGlobalSection
	GlobalSection(SolutionProperties) = preSolution
		HideSolutionNode = FALSE
	EndGlobalSection
	GlobalSection(ProjectConfigurationPlatforms) = postSolution
		{B906DBE5-DB4B-4BC5-A650-49FF8360A37F}.Debug|Any CPU.ActiveCfg = Debug|Any CPU
		{B906DBE5-DB4B-4BC5-A650-49FF8360A37F}.Debug|Any CPU.Build.0 = Debug|Any CPU
		{B906DBE5-DB4B-4BC5-A650-49FF8360A37F}.Release|Any CPU.ActiveCfg = Release|Any CPU
		{B906DBE5-DB4B-4BC5-A650-49FF8360A37F}.Release|Any CPU.Build.0 = Release|Any CPU
		{46AD4C81-0144-40A3-9AF8-DC8E370D144B}.Debug|Any CPU.ActiveCfg = Debug|Any CPU
		{46AD4C81-0144-40A3-9AF8-DC8E370D144B}.Debug|Any CPU.Build.0 = Debug|Any CPU
		{46AD4C81-0144-40A3-9AF8-DC8E370D144B}.Release|Any CPU.ActiveCfg = Release|Any CPU
		{46AD4C81-0144-40A3-9AF8-DC8E370D144B}.Release|Any CPU.Build.0 = Release|Any CPU
	EndGlobalSection
EndGlobal
