
Microsoft Visual Studio Solution File, Format Version 12.00
# Visual Studio Version 17
VisualStudioVersion = 17.0.31903.59
MinimumVisualStudioVersion = 10.0.40219.1
Project("{FAE04EC0-301F-11D3-BF4B-00C04F79EFBC}") = "task08", "task08\task08.csproj", "{40309C86-9FD4-49F1-9EAB-2C261C9EA38A}"
EndProject
Project("{FAE04EC0-301F-11D3-BF4B-00C04F79EFBC}") = "task08tests", "task08tests\task08tests.csproj", "{8454EE03-6363-426B-B886-11B05003CBB0}"
EndProject
Global
	GlobalSection(SolutionConfigurationPlatforms) = preSolution
		Debug|Any CPU = Debug|Any CPU
		Release|Any CPU = Release|Any CPU
	EndGlobalSection
	GlobalSection(SolutionProperties) = preSolution
		HideSolutionNode = FALSE
	EndGlobalSection
	GlobalSection(ProjectConfigurationPlatforms) = postSolution
		{40309C86-9FD4-49F1-9EAB-2C261C9EA38A}.Debug|Any CPU.ActiveCfg = Debug|Any CPU
		{40309C86-9FD4-49F1-9EAB-2C261C9EA38A}.Debug|Any CPU.Build.0 = Debug|Any CPU
		{40309C86-9FD4-49F1-9EAB-2C261C9EA38A}.Release|Any CPU.ActiveCfg = Release|Any CPU
		{40309C86-9FD4-49F1-9EAB-2C261C9EA38A}.Release|Any CPU.Build.0 = Release|Any CPU
		{8454EE03-6363-426B-B886-11B05003CBB0}.Debug|Any CPU.ActiveCfg = Debug|Any CPU
		{8454EE03-6363-426B-B886-11B05003CBB0}.Debug|Any CPU.Build.0 = Debug|Any CPU
		{8454EE03-6363-426B-B886-11B05003CBB0}.Release|Any CPU.ActiveCfg = Release|Any CPU
		{8454EE03-6363-426B-B886-11B05003CBB0}.Release|Any CPU.Build.0 = Release|Any CPU
	EndGlobalSection
EndGlobal
